
Microsoft Visual Studio Solution File, Format Version 12.00
# Visual Studio Version 17
VisualStudioVersion = 17.8.34525.116
MinimumVisualStudioVersion = 10.0.40219.1
Project("{2150E333-8FDC-42A3-9474-1A3956D46DE8}") = "Services", "Services", "{329BABD8-D634-47AF-B72F-BA3195673921}"
EndProject
Project("{2150E333-8FDC-42A3-9474-1A3956D46DE8}") = "Catolog", "Catolog", "{0EFF84B9-709A-49E3-BA96-886532DF7606}"
EndProject
Project("{2150E333-8FDC-42A3-9474-1A3956D46DE8}") = "Solution Items", "Solution Items", "{02AD7A77-0B46-4D42-A5E9-E292AB74247E}"
	ProjectSection(SolutionItems) = preProject
		Ports.txt = Ports.txt
	EndProjectSection
EndProject
Project("{9A19103F-16F7-4668-BE54-9A1E7A4F7556}") = "eTamir.Services.Catolog", "Services\Catolog\eTamir.Services.Catolog\eTamir.Services.Catolog.csproj", "{46162DD0-A78B-4A33-B2D9-3166ECF09D90}"
EndProject
Project("{2150E333-8FDC-42A3-9474-1A3956D46DE8}") = "IdentityServer", "IdentityServer", "{DE8742F0-BA4D-4F35-A7D0-EBD903DF089C}"
EndProject
Project("{9A19103F-16F7-4668-BE54-9A1E7A4F7556}") = "eTamir.IdentityServer", "IdentityServer\eTamir.IdentityServer\eTamir.IdentityServer.csproj", "{0898B427-EE0C-4DD5-A8F9-118C03747CA7}"
EndProject
Project("{2150E333-8FDC-42A3-9474-1A3956D46DE8}") = "Shared", "Shared", "{C27375F4-DB31-4D85-92DC-72A2A7A0CB86}"
EndProject
Project("{2150E333-8FDC-42A3-9474-1A3956D46DE8}") = "PhotoStock", "PhotoStock", "{183BA280-244E-4D0B-BD8B-B7781A315B2D}"
EndProject
Project("{9A19103F-16F7-4668-BE54-9A1E7A4F7556}") = "eTamir.Service.PhotoStcok", "Services\PhotoStock\eTamir.Service.PhotoStcok\eTamir.Service.PhotoStcok.csproj", "{56AA429E-FE61-493A-A191-9A34E96DC922}"
EndProject
Project("{2150E333-8FDC-42A3-9474-1A3956D46DE8}") = "Favorites", "Favorites", "{96DEE955-6D88-4335-B5DF-DB2BDBD9A9BA}"
EndProject
Project("{9A19103F-16F7-4668-BE54-9A1E7A4F7556}") = "eTamir.Services.Favorites", "Services\Favorites\eTamir.Services.Favorites\eTamir.Services.Favorites.csproj", "{3EFF8E58-D87B-40E0-ADA8-75CE0FDD33BE}"
EndProject
Project("{9A19103F-16F7-4668-BE54-9A1E7A4F7556}") = "eTamir.Shared", "Shared\eTamir.Shared\eTamir.Shared.csproj", "{C83143EE-87C5-44A7-8DC8-9BD84323586A}"
EndProject
Project("{2150E333-8FDC-42A3-9474-1A3956D46DE8}") = "Appointment", "Appointment", "{6E0DC4C7-5B01-4C57-BAC8-D75C2DDA7826}"
EndProject
Project("{9A19103F-16F7-4668-BE54-9A1E7A4F7556}") = "eTamir.Services.Appointment", "Services\Appointment\eTamir.Services.Appointment\eTamir.Services.Appointment.csproj", "{AA2B44F3-221C-4D4F-B476-320C5BB2D374}"
EndProject
Project("{2150E333-8FDC-42A3-9474-1A3956D46DE8}") = "Gateways", "Gateways", "{DC8633F6-AD03-4E22-B148-CEC825FAE02B}"
EndProject
Project("{9A19103F-16F7-4668-BE54-9A1E7A4F7556}") = "eTamir.Gateway", "Gateways\eTamir.Gateway\eTamir.Gateway.csproj", "{A862756D-3EBA-437F-B2BB-830D78B885BA}"
EndProject
Project("{2150E333-8FDC-42A3-9474-1A3956D46DE8}") = "Address", "Address", "{8959AF11-6CF6-4598-B7AD-61D665379292}"
EndProject
Project("{9A19103F-16F7-4668-BE54-9A1E7A4F7556}") = "eTamir.Services.Address", "Services\Address\eTamir.Services.Address\eTamir.Services.Address.csproj", "{2ECAF60F-32C7-4455-8846-7E03DB81AA6D}"
EndProject
Project("{2150E333-8FDC-42A3-9474-1A3956D46DE8}") = "Location", "Location", "{B6CF6C48-5255-4E7E-8C6D-5BCCAEC1C616}"
EndProject
Project("{FAE04EC0-301F-11D3-BF4B-00C04F79EFBC}") = "eTamir.Services.Location", "Services\Location\eTamir.Services.Location\eTamir.Services.Location.csproj", "{F3A9FF73-621F-42EF-880C-E10FB4AAB3A4}"
EndProject
Project("{2150E333-8FDC-42A3-9474-1A3956D46DE8}") = "Map", "Map", "{48F1E61C-370D-4D8B-875C-D966C108AD67}"
EndProject
Project("{FAE04EC0-301F-11D3-BF4B-00C04F79EFBC}") = "eTamir.Services.Map", "Services\Map\eTamir.Services.Map\eTamir.Services.Map.csproj", "{755D5B67-63FC-4630-A0E7-B60DCD2005CF}"
EndProject
Project("{2150E333-8FDC-42A3-9474-1A3956D46DE8}") = "Comment", "Comment", "{2C1D4C18-8995-4BD8-A9E8-8053C1E30055}"
EndProject
Project("{FAE04EC0-301F-11D3-BF4B-00C04F79EFBC}") = "eTamir.Services.Comment", "Services\Comment\eTamir.Services.Comment\eTamir.Services.Comment.csproj", "{ED85B46C-8834-42FF-8CCC-99FF9E64D92A}"
EndProject
Global
	GlobalSection(SolutionConfigurationPlatforms) = preSolution
		Debug|Any CPU = Debug|Any CPU
		Release|Any CPU = Release|Any CPU
	EndGlobalSection
	GlobalSection(ProjectConfigurationPlatforms) = postSolution
		{46162DD0-A78B-4A33-B2D9-3166ECF09D90}.Debug|Any CPU.ActiveCfg = Debug|Any CPU
		{46162DD0-A78B-4A33-B2D9-3166ECF09D90}.Debug|Any CPU.Build.0 = Debug|Any CPU
		{46162DD0-A78B-4A33-B2D9-3166ECF09D90}.Release|Any CPU.ActiveCfg = Release|Any CPU
		{46162DD0-A78B-4A33-B2D9-3166ECF09D90}.Release|Any CPU.Build.0 = Release|Any CPU
		{0898B427-EE0C-4DD5-A8F9-118C03747CA7}.Debug|Any CPU.ActiveCfg = Debug|Any CPU
		{0898B427-EE0C-4DD5-A8F9-118C03747CA7}.Debug|Any CPU.Build.0 = Debug|Any CPU
		{0898B427-EE0C-4DD5-A8F9-118C03747CA7}.Release|Any CPU.ActiveCfg = Release|Any CPU
		{0898B427-EE0C-4DD5-A8F9-118C03747CA7}.Release|Any CPU.Build.0 = Release|Any CPU
		{56AA429E-FE61-493A-A191-9A34E96DC922}.Debug|Any CPU.ActiveCfg = Debug|Any CPU
		{56AA429E-FE61-493A-A191-9A34E96DC922}.Debug|Any CPU.Build.0 = Debug|Any CPU
		{56AA429E-FE61-493A-A191-9A34E96DC922}.Release|Any CPU.ActiveCfg = Release|Any CPU
		{56AA429E-FE61-493A-A191-9A34E96DC922}.Release|Any CPU.Build.0 = Release|Any CPU
		{3EFF8E58-D87B-40E0-ADA8-75CE0FDD33BE}.Debug|Any CPU.ActiveCfg = Debug|Any CPU
		{3EFF8E58-D87B-40E0-ADA8-75CE0FDD33BE}.Debug|Any CPU.Build.0 = Debug|Any CPU
		{3EFF8E58-D87B-40E0-ADA8-75CE0FDD33BE}.Release|Any CPU.ActiveCfg = Release|Any CPU
		{3EFF8E58-D87B-40E0-ADA8-75CE0FDD33BE}.Release|Any CPU.Build.0 = Release|Any CPU
		{C83143EE-87C5-44A7-8DC8-9BD84323586A}.Debug|Any CPU.ActiveCfg = Debug|Any CPU
		{C83143EE-87C5-44A7-8DC8-9BD84323586A}.Debug|Any CPU.Build.0 = Debug|Any CPU
		{C83143EE-87C5-44A7-8DC8-9BD84323586A}.Release|Any CPU.ActiveCfg = Release|Any CPU
		{C83143EE-87C5-44A7-8DC8-9BD84323586A}.Release|Any CPU.Build.0 = Release|Any CPU
		{AA2B44F3-221C-4D4F-B476-320C5BB2D374}.Debug|Any CPU.ActiveCfg = Debug|Any CPU
		{AA2B44F3-221C-4D4F-B476-320C5BB2D374}.Debug|Any CPU.Build.0 = Debug|Any CPU
		{AA2B44F3-221C-4D4F-B476-320C5BB2D374}.Release|Any CPU.ActiveCfg = Release|Any CPU
		{AA2B44F3-221C-4D4F-B476-320C5BB2D374}.Release|Any CPU.Build.0 = Release|Any CPU
		{A862756D-3EBA-437F-B2BB-830D78B885BA}.Debug|Any CPU.ActiveCfg = Debug|Any CPU
		{A862756D-3EBA-437F-B2BB-830D78B885BA}.Debug|Any CPU.Build.0 = Debug|Any CPU
		{A862756D-3EBA-437F-B2BB-830D78B885BA}.Release|Any CPU.ActiveCfg = Release|Any CPU
		{A862756D-3EBA-437F-B2BB-830D78B885BA}.Release|Any CPU.Build.0 = Release|Any CPU
		{2ECAF60F-32C7-4455-8846-7E03DB81AA6D}.Debug|Any CPU.ActiveCfg = Debug|Any CPU
		{2ECAF60F-32C7-4455-8846-7E03DB81AA6D}.Debug|Any CPU.Build.0 = Debug|Any CPU
		{2ECAF60F-32C7-4455-8846-7E03DB81AA6D}.Release|Any CPU.ActiveCfg = Release|Any CPU
		{2ECAF60F-32C7-4455-8846-7E03DB81AA6D}.Release|Any CPU.Build.0 = Release|Any CPU
		{F3A9FF73-621F-42EF-880C-E10FB4AAB3A4}.Debug|Any CPU.ActiveCfg = Debug|Any CPU
		{F3A9FF73-621F-42EF-880C-E10FB4AAB3A4}.Debug|Any CPU.Build.0 = Debug|Any CPU
		{F3A9FF73-621F-42EF-880C-E10FB4AAB3A4}.Release|Any CPU.ActiveCfg = Release|Any CPU
		{F3A9FF73-621F-42EF-880C-E10FB4AAB3A4}.Release|Any CPU.Build.0 = Release|Any CPU
		{755D5B67-63FC-4630-A0E7-B60DCD2005CF}.Debug|Any CPU.ActiveCfg = Debug|Any CPU
		{755D5B67-63FC-4630-A0E7-B60DCD2005CF}.Debug|Any CPU.Build.0 = Debug|Any CPU
		{755D5B67-63FC-4630-A0E7-B60DCD2005CF}.Release|Any CPU.ActiveCfg = Release|Any CPU
		{755D5B67-63FC-4630-A0E7-B60DCD2005CF}.Release|Any CPU.Build.0 = Release|Any CPU
		{ED85B46C-8834-42FF-8CCC-99FF9E64D92A}.Debug|Any CPU.ActiveCfg = Debug|Any CPU
		{ED85B46C-8834-42FF-8CCC-99FF9E64D92A}.Debug|Any CPU.Build.0 = Debug|Any CPU
		{ED85B46C-8834-42FF-8CCC-99FF9E64D92A}.Release|Any CPU.ActiveCfg = Release|Any CPU
		{ED85B46C-8834-42FF-8CCC-99FF9E64D92A}.Release|Any CPU.Build.0 = Release|Any CPU
	EndGlobalSection
	GlobalSection(SolutionProperties) = preSolution
		HideSolutionNode = FALSE
	EndGlobalSection
	GlobalSection(NestedProjects) = preSolution
		{0EFF84B9-709A-49E3-BA96-886532DF7606} = {329BABD8-D634-47AF-B72F-BA3195673921}
		{46162DD0-A78B-4A33-B2D9-3166ECF09D90} = {0EFF84B9-709A-49E3-BA96-886532DF7606}
		{0898B427-EE0C-4DD5-A8F9-118C03747CA7} = {DE8742F0-BA4D-4F35-A7D0-EBD903DF089C}
		{183BA280-244E-4D0B-BD8B-B7781A315B2D} = {329BABD8-D634-47AF-B72F-BA3195673921}
		{56AA429E-FE61-493A-A191-9A34E96DC922} = {183BA280-244E-4D0B-BD8B-B7781A315B2D}
		{96DEE955-6D88-4335-B5DF-DB2BDBD9A9BA} = {329BABD8-D634-47AF-B72F-BA3195673921}
		{3EFF8E58-D87B-40E0-ADA8-75CE0FDD33BE} = {96DEE955-6D88-4335-B5DF-DB2BDBD9A9BA}
		{C83143EE-87C5-44A7-8DC8-9BD84323586A} = {C27375F4-DB31-4D85-92DC-72A2A7A0CB86}
		{6E0DC4C7-5B01-4C57-BAC8-D75C2DDA7826} = {329BABD8-D634-47AF-B72F-BA3195673921}
		{AA2B44F3-221C-4D4F-B476-320C5BB2D374} = {6E0DC4C7-5B01-4C57-BAC8-D75C2DDA7826}
		{A862756D-3EBA-437F-B2BB-830D78B885BA} = {DC8633F6-AD03-4E22-B148-CEC825FAE02B}
		{8959AF11-6CF6-4598-B7AD-61D665379292} = {329BABD8-D634-47AF-B72F-BA3195673921}
		{2ECAF60F-32C7-4455-8846-7E03DB81AA6D} = {8959AF11-6CF6-4598-B7AD-61D665379292}
		{B6CF6C48-5255-4E7E-8C6D-5BCCAEC1C616} = {329BABD8-D634-47AF-B72F-BA3195673921}
		{F3A9FF73-621F-42EF-880C-E10FB4AAB3A4} = {B6CF6C48-5255-4E7E-8C6D-5BCCAEC1C616}
		{48F1E61C-370D-4D8B-875C-D966C108AD67} = {329BABD8-D634-47AF-B72F-BA3195673921}
		{755D5B67-63FC-4630-A0E7-B60DCD2005CF} = {48F1E61C-370D-4D8B-875C-D966C108AD67}
		{2C1D4C18-8995-4BD8-A9E8-8053C1E30055} = {329BABD8-D634-47AF-B72F-BA3195673921}
		{ED85B46C-8834-42FF-8CCC-99FF9E64D92A} = {2C1D4C18-8995-4BD8-A9E8-8053C1E30055}
	EndGlobalSection
	GlobalSection(ExtensibilityGlobals) = postSolution
		SolutionGuid = {5D1C4BBA-B092-4798-B37C-CF48A1819823}
	EndGlobalSection
EndGlobal
